{
  "version": 4,
  "terraform_version": "0.12.1",
  "serial": 41,
  "lineage": "820184df-dc92-1416-d25e-84ff6f26170a",
  "outputs": {},
  "resources": [
    {
      "mode": "managed",
      "type": "aws_instance",
      "name": "app_instance_private",
      "provider": "provider.aws",
      "instances": [
        {
          "schema_version": 1,
          "attributes": {
            "ami": "ami-0b45d039456f24807",
            "arn": "arn:aws:ec2:eu-west-1:135928476890:instance/i-0624511ba8a231c1a",
            "associate_public_ip_address": true,
            "availability_zone": "eu-west-1b",
            "cpu_core_count": 1,
            "cpu_threads_per_core": 1,
            "credit_specification": [
              {
                "cpu_credits": "standard"
              }
            ],
            "disable_api_termination": false,
            "ebs_block_device": [],
            "ebs_optimized": false,
            "ephemeral_block_device": [],
            "get_password_data": false,
            "host_id": null,
            "iam_instance_profile": "",
            "id": "i-0624511ba8a231c1a",
            "instance_initiated_shutdown_behavior": null,
            "instance_state": "running",
            "instance_type": "t2.micro",
            "ipv6_address_count": 0,
            "ipv6_addresses": [],
            "key_name": "terraformkirt",
            "monitoring": false,
            "network_interface": [],
            "network_interface_id": null,
            "password_data": "",
            "placement_group": "",
            "primary_network_interface_id": "eni-0cbc70cfcdd3083e9",
            "private_dns": "ip-10-120-123-77.eu-west-1.compute.internal",
            "private_ip": "10.120.123.77",
            "public_dns": "ec2-34-248-28-59.eu-west-1.compute.amazonaws.com",
            "public_ip": "34.248.28.59",
            "root_block_device": [
              {
                "delete_on_termination": true,
                "iops": 100,
                "volume_id": "vol-07be43940ec3888b8",
                "volume_size": 8,
                "volume_type": "gp2"
              }
            ],
            "security_groups": [],
            "source_dest_check": true,
            "subnet_id": "subnet-072efdc5fdabac9aa",
            "tags": {
              "Name": "kirts_private_app"
            },
            "tenancy": "default",
            "timeouts": null,
            "user_data": null,
            "user_data_base64": null,
            "volume_tags": {},
            "vpc_security_group_ids": [
              "sg-073acbd95f1daff2e"
            ]
          },
          "depends_on": [
            "aws_key_pair.kirtpair",
            "aws_security_group.sg_web_private",
            "aws_subnet.private-subnet"
          ]
        }
      ]
    },
    {
      "mode": "managed",
      "type": "aws_instance",
      "name": "app_instance_public",
      "provider": "provider.aws",
      "instances": [
        {
          "schema_version": 1,
          "attributes": {
            "ami": "ami-0b45d039456f24807",
            "arn": "arn:aws:ec2:eu-west-1:135928476890:instance/i-0413f357068e94591",
            "associate_public_ip_address": true,
            "availability_zone": "eu-west-1a",
            "cpu_core_count": 1,
            "cpu_threads_per_core": 1,
            "credit_specification": [
              {
                "cpu_credits": "standard"
              }
            ],
            "disable_api_termination": false,
            "ebs_block_device": [],
            "ebs_optimized": false,
            "ephemeral_block_device": [],
            "get_password_data": false,
            "host_id": null,
            "iam_instance_profile": "",
            "id": "i-0413f357068e94591",
            "instance_initiated_shutdown_behavior": null,
            "instance_state": "running",
            "instance_type": "t2.micro",
            "ipv6_address_count": 0,
            "ipv6_addresses": [],
            "key_name": "terraformkirt",
            "monitoring": false,
            "network_interface": [],
            "network_interface_id": null,
            "password_data": "",
            "placement_group": "",
            "primary_network_interface_id": "eni-03ef4a851eb118bad",
            "private_dns": "ip-10-120-122-196.eu-west-1.compute.internal",
            "private_ip": "10.120.122.196",
            "public_dns": "ec2-34-246-222-254.eu-west-1.compute.amazonaws.com",
            "public_ip": "34.246.222.254",
            "root_block_device": [
              {
                "delete_on_termination": true,
                "iops": 100,
                "volume_id": "vol-0b1cfc4724ea50344",
                "volume_size": 8,
                "volume_type": "gp2"
              }
            ],
            "security_groups": [],
            "source_dest_check": true,
            "subnet_id": "subnet-0a14b1325f2e737db",
            "tags": {
              "Name": "kirts_public_app"
            },
            "tenancy": "default",
            "timeouts": null,
            "user_data": null,
            "user_data_base64": null,
            "volume_tags": {},
            "vpc_security_group_ids": [
              "sg-0f7ecb8c83356d31d"
            ]
          },
          "depends_on": [
            "aws_key_pair.kirtpair",
            "aws_security_group.sg_web_public",
            "aws_subnet.public-subnet"
          ]
        }
      ]
    },
    {
      "mode": "managed",
      "type": "aws_internet_gateway",
      "name": "kmgw",
      "provider": "provider.aws",
      "instances": [
        {
          "schema_version": 0,
          "attributes": {
            "id": "igw-05cc83d5617a419a1",
            "owner_id": "135928476890",
            "tags": {
              "Name": "kirts_gateway"
            },
            "vpc_id": "vpc-07208c40204838752"
          },
          "depends_on": [
            "aws_vpc.kirts_vpc"
          ]
        }
      ]
    },
    {
      "mode": "managed",
      "type": "aws_key_pair",
      "name": "kirtpair",
      "provider": "provider.aws",
      "instances": [
        {
          "schema_version": 1,
          "attributes": {
            "fingerprint": "70:11:70:69:97:e6:45:a7:3e:66:c5:e8:f0:44:c7:3c",
            "id": "terraformkirt",
            "key_name": "terraformkirt",
            "key_name_prefix": null,
            "public_key": "ssh-rsa AAAAB3NzaC1yc2EAAAADAQABAAACAQDCoW4eXsMevRbko3coozenSRoUsF4QvPQmEDZJ6ZXy/NtFtDUhmtELwflrTPtHwdCR3ONIK93jsf+VRjh/DzhHBN+JpHbe6KdawUXQ7YCLhiaK4verEgBywkDUEffdqimgzLVNHk/S7EJOl+xfuggNXCofmvKTAbN5wWjHoinwIpmvj7iQZodXpx8f/QwhA3agvzI0nfm9jeBpVFDPqwQek/jU999ZiYu2hRYh/gkzMQxz8DQHC4I/UyMGDngILYFF0m/TnHlX0+Vdr5pcfyBk7LGAv7Cy1tR8LUFq/tIW2hr9ENaY3h9n0Fx5DrA34EBeRCZRax1OdMtGlfs914tWUlSiSkRI/TsumetCxBFlR5o+yxB7zbsk4zorqh1gEFEx8TMaepCoPoSwnViZ4SsEHbJOgdumOha8u8GwpxV6Bhrkj6bjjtaGKjFz+s7igVfeLW8YSx+XHFuA1P97LJVCQAgBkaX4xnQkNOyoFUPCW16WdXQ0xnTmt9p5Hok/ojkvv1J8OZYE7Ng4D0uX6bzOu9Bn8kWGV6xi9L2ZNDYyhcmf5hfwXrhwg6MJvI4CsE0ZQ/VpV7vtpXMVZobA2a+xYQrxqvW8Od9FVmT+mZdbRCW6gjcGBDiZvOL/FWElXA2m37xE2dHK2lXhMOwJGRgJSS4gL298keLXGT1Cz4/uYQ== kirtmorgan@live.com"
          }
        }
      ]
    },
    {
      "mode": "managed",
      "type": "aws_route_table",
      "name": "web-private-rt",
      "provider": "provider.aws",
      "instances": [
        {
          "schema_version": 0,
          "attributes": {
            "id": "rtb-0da5b73baad505290",
            "owner_id": "135928476890",
            "propagating_vgws": [],
            "route": [
              {
                "cidr_block": "0.0.0.0/0",
                "egress_only_gateway_id": "",
                "gateway_id": "igw-05cc83d5617a419a1",
                "instance_id": "",
                "ipv6_cidr_block": "",
                "nat_gateway_id": "",
                "network_interface_id": "",
                "transit_gateway_id": "",
                "vpc_peering_connection_id": ""
              }
            ],
            "tags": {
              "Name": "private_subnet_rt"
            },
            "vpc_id": "vpc-07208c40204838752"
          },
          "depends_on": [
            "aws_internet_gateway.kmgw",
            "aws_vpc.kirts_vpc"
          ]
        }
      ]
    },
    {
      "mode": "managed",
      "type": "aws_route_table",
      "name": "web-public-rt",
      "provider": "provider.aws",
      "instances": [
        {
          "schema_version": 0,
          "attributes": {
            "id": "rtb-050b7abd8ee90baf5",
            "owner_id": "135928476890",
            "propagating_vgws": [],
            "route": [
              {
                "cidr_block": "0.0.0.0/0",
                "egress_only_gateway_id": "",
                "gateway_id": "igw-05cc83d5617a419a1",
                "instance_id": "",
                "ipv6_cidr_block": "",
                "nat_gateway_id": "",
                "network_interface_id": "",
                "transit_gateway_id": "",
                "vpc_peering_connection_id": ""
              }
            ],
            "tags": {
              "Name": "public_subnet_rt"
            },
            "vpc_id": "vpc-07208c40204838752"
          },
          "depends_on": [
            "aws_internet_gateway.kmgw",
            "aws_vpc.kirts_vpc"
          ]
        }
      ]
    },
    {
      "mode": "managed",
      "type": "aws_route_table_association",
      "name": "web-private-rt",
      "provider": "provider.aws",
      "instances": [
        {
          "schema_version": 0,
          "attributes": {
            "id": "rtbassoc-0ae87f2b3f40be3af",
            "route_table_id": "rtb-0da5b73baad505290",
            "subnet_id": "subnet-072efdc5fdabac9aa"
          },
          "depends_on": [
            "aws_route_table.web-private-rt",
            "aws_subnet.private-subnet"
          ]
        }
      ]
    },
    {
      "mode": "managed",
      "type": "aws_route_table_association",
      "name": "web-public-rt",
      "provider": "provider.aws",
      "instances": [
        {
          "schema_version": 0,
          "attributes": {
            "id": "rtbassoc-0a2da145d4d17c861",
            "route_table_id": "rtb-050b7abd8ee90baf5",
            "subnet_id": "subnet-0a14b1325f2e737db"
          },
          "depends_on": [
            "aws_route_table.web-public-rt",
            "aws_subnet.public-subnet"
          ]
        }
      ]
    },
    {
      "mode": "managed",
      "type": "aws_security_group",
      "name": "sg_web_private",
      "provider": "provider.aws",
      "instances": [
        {
          "schema_version": 1,
          "attributes": {
            "arn": "arn:aws:ec2:eu-west-1:135928476890:security-group/sg-073acbd95f1daff2e",
            "description": "Allow incoming HTTP connections \u0026 SSH access",
            "egress": [],
            "id": "sg-073acbd95f1daff2e",
            "ingress": [
              {
                "cidr_blocks": [
                  "212.161.55.68/32"
                ],
                "description": "",
                "from_port": 22,
                "ipv6_cidr_blocks": [],
                "prefix_list_ids": [],
                "protocol": "tcp",
                "security_groups": [],
                "self": false,
                "to_port": 22
              }
            ],
            "name": "vpc_kirtpri_web",
            "name_prefix": null,
            "owner_id": "135928476890",
            "revoke_rules_on_delete": false,
            "tags": {
              "Name": "sg_web_private"
            },
            "timeouts": null,
            "vpc_id": "vpc-07208c40204838752"
          },
          "depends_on": [
            "aws_vpc.kirts_vpc"
          ]
        }
      ]
    },
    {
      "mode": "managed",
      "type": "aws_security_group",
      "name": "sg_web_public",
      "provider": "provider.aws",
      "instances": [
        {
          "schema_version": 1,
          "attributes": {
            "arn": "arn:aws:ec2:eu-west-1:135928476890:security-group/sg-0f7ecb8c83356d31d",
            "description": "Allow incoming HTTP connections \u0026 SSH access",
            "egress": [],
            "id": "sg-0f7ecb8c83356d31d",
            "ingress": [
              {
                "cidr_blocks": [
                  "0.0.0.0/0"
                ],
                "description": "",
                "from_port": 443,
                "ipv6_cidr_blocks": [],
                "prefix_list_ids": [],
                "protocol": "tcp",
                "security_groups": [],
                "self": false,
                "to_port": 443
              },
              {
                "cidr_blocks": [
                  "0.0.0.0/0"
                ],
                "description": "",
                "from_port": 80,
                "ipv6_cidr_blocks": [],
                "prefix_list_ids": [],
                "protocol": "tcp",
                "security_groups": [],
                "self": false,
                "to_port": 80
              },
              {
                "cidr_blocks": [
                  "212.161.55.68/32"
                ],
                "description": "",
                "from_port": 22,
                "ipv6_cidr_blocks": [],
                "prefix_list_ids": [],
                "protocol": "tcp",
                "security_groups": [],
                "self": false,
                "to_port": 22
              }
            ],
            "name": "vpc_kirtpub_web",
            "name_prefix": null,
            "owner_id": "135928476890",
            "revoke_rules_on_delete": false,
            "tags": {
              "Name": "sg_web_public"
            },
            "timeouts": null,
            "vpc_id": "vpc-07208c40204838752"
          },
          "depends_on": [
            "aws_vpc.kirts_vpc"
          ]
        }
      ]
    },
    {
      "mode": "managed",
      "type": "aws_subnet",
      "name": "private-subnet",
      "provider": "provider.aws",
      "instances": [
        {
          "schema_version": 1,
          "attributes": {
            "arn": "arn:aws:ec2:eu-west-1:135928476890:subnet/subnet-072efdc5fdabac9aa",
            "assign_ipv6_address_on_creation": false,
            "availability_zone": "eu-west-1b",
            "availability_zone_id": "euw1-az1",
            "cidr_block": "10.120.123.0/24",
            "id": "subnet-072efdc5fdabac9aa",
            "ipv6_cidr_block": "",
            "ipv6_cidr_block_association_id": "",
            "map_public_ip_on_launch": false,
            "owner_id": "135928476890",
            "tags": {
              "Name": "kirts_private_subnet"
            },
            "timeouts": null,
            "vpc_id": "vpc-07208c40204838752"
          },
          "depends_on": [
            "aws_vpc.kirts_vpc"
          ]
        }
      ]
    },
    {
      "mode": "managed",
      "type": "aws_subnet",
      "name": "public-subnet",
      "provider": "provider.aws",
      "instances": [
        {
          "schema_version": 1,
          "attributes": {
            "arn": "arn:aws:ec2:eu-west-1:135928476890:subnet/subnet-0a14b1325f2e737db",
            "assign_ipv6_address_on_creation": false,
            "availability_zone": "eu-west-1a",
            "availability_zone_id": "euw1-az3",
            "cidr_block": "10.120.122.0/24",
            "id": "subnet-0a14b1325f2e737db",
            "ipv6_cidr_block": "",
            "ipv6_cidr_block_association_id": "",
            "map_public_ip_on_launch": false,
            "owner_id": "135928476890",
            "tags": {
              "Name": "kirts_public_subnet"
            },
            "timeouts": null,
            "vpc_id": "vpc-07208c40204838752"
          },
          "depends_on": [
            "aws_vpc.kirts_vpc"
          ]
        }
      ]
    },
    {
      "mode": "managed",
      "type": "aws_vpc",
      "name": "kirts_vpc",
      "provider": "provider.aws",
      "instances": [
        {
          "schema_version": 1,
          "attributes": {
            "arn": "arn:aws:ec2:eu-west-1:135928476890:vpc/vpc-07208c40204838752",
            "assign_generated_ipv6_cidr_block": false,
            "cidr_block": "10.120.0.0/16",
            "default_network_acl_id": "acl-0405a0c2c20bbe92a",
            "default_route_table_id": "rtb-034a2f2c0bc463b91",
            "default_security_group_id": "sg-0ef4ab139b7afd6c9",
            "dhcp_options_id": "dopt-18d5d77d",
            "enable_classiclink": false,
            "enable_classiclink_dns_support": false,
            "enable_dns_hostnames": true,
            "enable_dns_support": true,
            "id": "vpc-07208c40204838752",
            "instance_tenancy": "default",
            "ipv6_association_id": "",
            "ipv6_cidr_block": "",
            "main_route_table_id": "rtb-034a2f2c0bc463b91",
            "owner_id": "135928476890",
            "tags": {
              "Name": "kirts_vpc"
            }
          }
        }
      ]
    }
  ]
}
