{
  "version": 4,
  "terraform_version": "0.12.1",
  "serial": 373,
  "lineage": "820184df-dc92-1416-d25e-84ff6f26170a",
  "outputs": {},
  "resources": [
    {
      "mode": "data",
      "type": "template_file",
      "name": "private_app_init",
      "provider": "provider.template",
      "instances": [
        {
          "schema_version": 0,
          "attributes": {
            "filename": null,
            "id": "866fb3ac0539bd439fbdf4dd248740d480e1911af189b4795ebe0c0b65703c1f",
            "rendered": "#!/bin/bash\nsudo service mongod start\n",
            "template": "#!/bin/bash\nsudo service mongod start\n",
            "vars": null
          }
        }
      ]
    },
    {
      "mode": "data",
      "type": "template_file",
      "name": "public_app_init",
      "provider": "provider.template",
      "instances": [
        {
          "schema_version": 0,
          "attributes": {
            "filename": null,
            "id": "967d2b0a8679ff8f6d2dc9304801391a7fbadccf8364d1f20ffecdccd0ad5424",
            "rendered": "#!/bin/bash\ncd /home/ubuntu/app\npm2 start app.js\n",
            "template": "#!/bin/bash\ncd /home/ubuntu/app\npm2 start app.js\n",
            "vars": null
          }
        }
      ]
    },
    {
      "mode": "managed",
      "type": "aws_elb",
      "name": "load_balancer",
      "provider": "provider.aws",
      "instances": [
        {
          "schema_version": 0,
          "attributes": {
            "access_logs": [],
            "arn": "arn:aws:elasticloadbalancing:eu-west-1:135928476890:loadbalancer/public-terraform-elb",
            "availability_zones": [
              "eu-west-1a"
            ],
            "connection_draining": true,
            "connection_draining_timeout": 400,
            "cross_zone_load_balancing": true,
            "dns_name": "public-terraform-elb-1272346934.eu-west-1.elb.amazonaws.com",
            "health_check": [
              {
                "healthy_threshold": 2,
                "interval": 30,
                "target": "HTTP:8000/",
                "timeout": 20,
                "unhealthy_threshold": 2
              }
            ],
            "id": "public-terraform-elb",
            "idle_timeout": 400,
            "instances": [
              "i-0f166510944d64a45"
            ],
            "internal": false,
            "listener": [
              {
                "instance_port": 8000,
                "instance_protocol": "http",
                "lb_port": 80,
                "lb_protocol": "http",
                "ssl_certificate_id": ""
              }
            ],
            "name": "public-terraform-elb",
            "name_prefix": null,
            "security_groups": [
              "sg-0f6d4e8a14de7c40d"
            ],
            "source_security_group": "135928476890/default",
            "source_security_group_id": "sg-0f6d4e8a14de7c40d",
            "subnets": [
              "subnet-07bf5988c71efcdb1"
            ],
            "tags": {
              "Name": "public-terraform-elb"
            },
            "zone_id": "Z32O12XQLNTSW2"
          },
          "depends_on": [
            "aws_instance.app_instance_public",
            "aws_subnet.public-subnet"
          ]
        }
      ]
    },
    {
      "mode": "managed",
      "type": "aws_instance",
      "name": "app_instance_private",
      "provider": "provider.aws",
      "instances": [
        {
          "schema_version": 1,
          "attributes": {
            "ami": "ami-09dc8417351e5cc57",
            "arn": "arn:aws:ec2:eu-west-1:135928476890:instance/i-01d172753ef4a9d48",
            "associate_public_ip_address": true,
            "availability_zone": "eu-west-1b",
            "cpu_core_count": 1,
            "cpu_threads_per_core": 1,
            "credit_specification": [
              {
                "cpu_credits": "standard"
              }
            ],
            "disable_api_termination": false,
            "ebs_block_device": [],
            "ebs_optimized": false,
            "ephemeral_block_device": [],
            "get_password_data": false,
            "host_id": null,
            "iam_instance_profile": "",
            "id": "i-01d172753ef4a9d48",
            "instance_initiated_shutdown_behavior": null,
            "instance_state": "running",
            "instance_type": "t2.micro",
            "ipv6_address_count": 0,
            "ipv6_addresses": [],
            "key_name": "terraformkirt",
            "monitoring": false,
            "network_interface": [],
            "network_interface_id": null,
            "password_data": "",
            "placement_group": "",
            "primary_network_interface_id": "eni-00af6817c0d5a334b",
            "private_dns": "ip-10-120-123-180.eu-west-1.compute.internal",
            "private_ip": "10.120.123.180",
            "public_dns": "ec2-34-243-254-111.eu-west-1.compute.amazonaws.com",
            "public_ip": "34.243.254.111",
            "root_block_device": [
              {
                "delete_on_termination": true,
                "iops": 100,
                "volume_id": "vol-056d8eb0746594b0f",
                "volume_size": 8,
                "volume_type": "gp2"
              }
            ],
            "security_groups": [],
            "source_dest_check": true,
            "subnet_id": "subnet-03a2eab34722cdb62",
            "tags": {
              "Name": "kirts-private-app"
            },
            "tenancy": "default",
            "timeouts": null,
            "user_data": "42fe1c599752a1c9f379cf0cfa013bae7945c86a",
            "user_data_base64": null,
            "volume_tags": {},
            "vpc_security_group_ids": [
              "sg-0eeb7d38e34aa6c92"
            ]
          },
          "depends_on": [
            "aws_key_pair.kirtpair",
            "aws_security_group.sg_web_private",
            "aws_subnet.private-subnet",
            "data.template_file.private_app_init"
          ]
        }
      ]
    },
    {
      "mode": "managed",
      "type": "aws_instance",
      "name": "app_instance_public",
      "provider": "provider.aws",
      "instances": [
        {
          "schema_version": 1,
          "attributes": {
            "ami": "ami-074844b6a187fa712",
            "arn": "arn:aws:ec2:eu-west-1:135928476890:instance/i-0f166510944d64a45",
            "associate_public_ip_address": true,
            "availability_zone": "eu-west-1a",
            "cpu_core_count": 1,
            "cpu_threads_per_core": 1,
            "credit_specification": [
              {
                "cpu_credits": "standard"
              }
            ],
            "disable_api_termination": false,
            "ebs_block_device": [],
            "ebs_optimized": false,
            "ephemeral_block_device": [],
            "get_password_data": false,
            "host_id": null,
            "iam_instance_profile": "",
            "id": "i-0f166510944d64a45",
            "instance_initiated_shutdown_behavior": null,
            "instance_state": "running",
            "instance_type": "t2.micro",
            "ipv6_address_count": 0,
            "ipv6_addresses": [],
            "key_name": "terraformkirt",
            "monitoring": false,
            "network_interface": [],
            "network_interface_id": null,
            "password_data": "",
            "placement_group": "",
            "primary_network_interface_id": "eni-04a9283966edf0a7e",
            "private_dns": "ip-10-120-122-242.eu-west-1.compute.internal",
            "private_ip": "10.120.122.242",
            "public_dns": "ec2-52-48-218-150.eu-west-1.compute.amazonaws.com",
            "public_ip": "52.48.218.150",
            "root_block_device": [
              {
                "delete_on_termination": true,
                "iops": 100,
                "volume_id": "vol-05e03bf48c3af6dc1",
                "volume_size": 8,
                "volume_type": "gp2"
              }
            ],
            "security_groups": [],
            "source_dest_check": true,
            "subnet_id": "subnet-07bf5988c71efcdb1",
            "tags": {
              "Name": "kirts-public-app"
            },
            "tenancy": "default",
            "timeouts": null,
            "user_data": "6fb9cb2b8bd69ff32317b04d4f3c6ed95111f04a",
            "user_data_base64": null,
            "volume_tags": {},
            "vpc_security_group_ids": [
              "sg-0ba8b47b85dae8a66"
            ]
          },
          "depends_on": [
            "aws_key_pair.kirtpair",
            "aws_security_group.sg_web_public",
            "aws_subnet.public-subnet",
            "data.template_file.public_app_init"
          ]
        }
      ]
    },
    {
      "mode": "managed",
      "type": "aws_internet_gateway",
      "name": "internet_gateway",
      "provider": "provider.aws",
      "instances": [
        {
          "schema_version": 0,
          "attributes": {
            "id": "igw-0c32c9d96f26bd097",
            "owner_id": "135928476890",
            "tags": {
              "Name": "kirts-internet-gateway"
            },
            "vpc_id": "vpc-007d6feedf4773b3e"
          },
          "depends_on": [
            "aws_vpc.kirts_vpc"
          ]
        }
      ]
    },
    {
      "mode": "managed",
      "type": "aws_key_pair",
      "name": "kirtpair",
      "provider": "provider.aws",
      "instances": [
        {
          "schema_version": 1,
          "attributes": {
            "fingerprint": "70:11:70:69:97:e6:45:a7:3e:66:c5:e8:f0:44:c7:3c",
            "id": "terraformkirt",
            "key_name": "terraformkirt",
            "key_name_prefix": null,
            "public_key": "ssh-rsa AAAAB3NzaC1yc2EAAAADAQABAAACAQDCoW4eXsMevRbko3coozenSRoUsF4QvPQmEDZJ6ZXy/NtFtDUhmtELwflrTPtHwdCR3ONIK93jsf+VRjh/DzhHBN+JpHbe6KdawUXQ7YCLhiaK4verEgBywkDUEffdqimgzLVNHk/S7EJOl+xfuggNXCofmvKTAbN5wWjHoinwIpmvj7iQZodXpx8f/QwhA3agvzI0nfm9jeBpVFDPqwQek/jU999ZiYu2hRYh/gkzMQxz8DQHC4I/UyMGDngILYFF0m/TnHlX0+Vdr5pcfyBk7LGAv7Cy1tR8LUFq/tIW2hr9ENaY3h9n0Fx5DrA34EBeRCZRax1OdMtGlfs914tWUlSiSkRI/TsumetCxBFlR5o+yxB7zbsk4zorqh1gEFEx8TMaepCoPoSwnViZ4SsEHbJOgdumOha8u8GwpxV6Bhrkj6bjjtaGKjFz+s7igVfeLW8YSx+XHFuA1P97LJVCQAgBkaX4xnQkNOyoFUPCW16WdXQ0xnTmt9p5Hok/ojkvv1J8OZYE7Ng4D0uX6bzOu9Bn8kWGV6xi9L2ZNDYyhcmf5hfwXrhwg6MJvI4CsE0ZQ/VpV7vtpXMVZobA2a+xYQrxqvW8Od9FVmT+mZdbRCW6gjcGBDiZvOL/FWElXA2m37xE2dHK2lXhMOwJGRgJSS4gL298keLXGT1Cz4/uYQ== kirtmorgan@live.com"
          }
        }
      ]
    },
    {
      "mode": "managed",
      "type": "aws_launch_configuration",
      "name": "team1",
      "provider": "provider.aws",
      "instances": [
        {
          "schema_version": 0,
          "attributes": {
            "associate_public_ip_address": false,
            "ebs_block_device": [],
            "ebs_optimized": false,
            "enable_monitoring": true,
            "ephemeral_block_device": [],
            "iam_instance_profile": "",
            "id": "team1-launch-config",
            "image_id": "ami-09dc8417351e5cc57",
            "instance_type": "t2.micro",
            "key_name": "",
            "name": "team1-launch-config",
            "name_prefix": null,
            "placement_tenancy": null,
            "root_block_device": [],
            "security_groups": [
              "sg-0ba8b47b85dae8a66"
            ],
            "spot_price": "",
            "user_data": null,
            "user_data_base64": null,
            "vpc_classic_link_id": "",
            "vpc_classic_link_security_groups": null
          },
          "depends_on": [
            "aws_security_group.sg_web_public"
          ]
        }
      ]
    },
    {
      "mode": "managed",
      "type": "aws_route_table",
      "name": "web-private-rt",
      "provider": "provider.aws",
      "instances": [
        {
          "schema_version": 0,
          "attributes": {
            "id": "rtb-0422939bff07fe251",
            "owner_id": "135928476890",
            "propagating_vgws": [],
            "route": [
              {
                "cidr_block": "0.0.0.0/0",
                "egress_only_gateway_id": "",
                "gateway_id": "igw-0c32c9d96f26bd097",
                "instance_id": "",
                "ipv6_cidr_block": "",
                "nat_gateway_id": "",
                "network_interface_id": "",
                "transit_gateway_id": "",
                "vpc_peering_connection_id": ""
              }
            ],
            "tags": {
              "Name": "kirts-private-route-table"
            },
            "vpc_id": "vpc-007d6feedf4773b3e"
          },
          "depends_on": [
            "aws_internet_gateway.internet_gateway",
            "aws_vpc.kirts_vpc"
          ]
        }
      ]
    },
    {
      "mode": "managed",
      "type": "aws_route_table",
      "name": "web-public-rt",
      "provider": "provider.aws",
      "instances": [
        {
          "schema_version": 0,
          "attributes": {
            "id": "rtb-04cde4a9267e7869f",
            "owner_id": "135928476890",
            "propagating_vgws": [],
            "route": [
              {
                "cidr_block": "0.0.0.0/0",
                "egress_only_gateway_id": "",
                "gateway_id": "igw-0c32c9d96f26bd097",
                "instance_id": "",
                "ipv6_cidr_block": "",
                "nat_gateway_id": "",
                "network_interface_id": "",
                "transit_gateway_id": "",
                "vpc_peering_connection_id": ""
              }
            ],
            "tags": {
              "Name": "kirts-public-route-table"
            },
            "vpc_id": "vpc-007d6feedf4773b3e"
          },
          "depends_on": [
            "aws_internet_gateway.internet_gateway",
            "aws_vpc.kirts_vpc"
          ]
        }
      ]
    },
    {
      "mode": "managed",
      "type": "aws_route_table_association",
      "name": "web-private-rt",
      "provider": "provider.aws",
      "instances": [
        {
          "schema_version": 0,
          "attributes": {
            "id": "rtbassoc-01cc679bdb6bb8e90",
            "route_table_id": "rtb-0422939bff07fe251",
            "subnet_id": "subnet-03a2eab34722cdb62"
          },
          "depends_on": [
            "aws_route_table.web-private-rt",
            "aws_subnet.private-subnet"
          ]
        }
      ]
    },
    {
      "mode": "managed",
      "type": "aws_route_table_association",
      "name": "web-public-rt",
      "provider": "provider.aws",
      "instances": [
        {
          "schema_version": 0,
          "attributes": {
            "id": "rtbassoc-04afb7fd6dd1e9148",
            "route_table_id": "rtb-04cde4a9267e7869f",
            "subnet_id": "subnet-07bf5988c71efcdb1"
          },
          "depends_on": [
            "aws_route_table.web-public-rt",
            "aws_subnet.public-subnet"
          ]
        }
      ]
    },
    {
      "mode": "managed",
      "type": "aws_security_group",
      "name": "sg_web_private",
      "provider": "provider.aws",
      "instances": [
        {
          "schema_version": 1,
          "attributes": {
            "arn": "arn:aws:ec2:eu-west-1:135928476890:security-group/sg-0eeb7d38e34aa6c92",
            "description": "Allow incoming HTTP connections \u0026 SSH access",
            "egress": [],
            "id": "sg-0eeb7d38e34aa6c92",
            "ingress": [
              {
                "cidr_blocks": [
                  "10.120.122.0/24"
                ],
                "description": "",
                "from_port": 27017,
                "ipv6_cidr_blocks": [],
                "prefix_list_ids": [],
                "protocol": "tcp",
                "security_groups": [],
                "self": false,
                "to_port": 27017
              },
              {
                "cidr_blocks": [
                  "212.161.55.68/32"
                ],
                "description": "",
                "from_port": 22,
                "ipv6_cidr_blocks": [],
                "prefix_list_ids": [],
                "protocol": "tcp",
                "security_groups": [],
                "self": false,
                "to_port": 22
              }
            ],
            "name": "vpc_kirtpri_web",
            "name_prefix": null,
            "owner_id": "135928476890",
            "revoke_rules_on_delete": false,
            "tags": {
              "Name": "kirts-security-group-private"
            },
            "timeouts": null,
            "vpc_id": "vpc-007d6feedf4773b3e"
          },
          "depends_on": [
            "aws_vpc.kirts_vpc"
          ]
        }
      ]
    },
    {
      "mode": "managed",
      "type": "aws_security_group",
      "name": "sg_web_public",
      "provider": "provider.aws",
      "instances": [
        {
          "schema_version": 1,
          "attributes": {
            "arn": "arn:aws:ec2:eu-west-1:135928476890:security-group/sg-0ba8b47b85dae8a66",
            "description": "Allow incoming HTTP connections \u0026 SSH access",
            "egress": [],
            "id": "sg-0ba8b47b85dae8a66",
            "ingress": [
              {
                "cidr_blocks": [
                  "0.0.0.0/0"
                ],
                "description": "",
                "from_port": 0,
                "ipv6_cidr_blocks": [],
                "prefix_list_ids": [],
                "protocol": "-1",
                "security_groups": [],
                "self": false,
                "to_port": 0
              },
              {
                "cidr_blocks": [
                  "0.0.0.0/0"
                ],
                "description": "",
                "from_port": 443,
                "ipv6_cidr_blocks": [],
                "prefix_list_ids": [],
                "protocol": "tcp",
                "security_groups": [],
                "self": false,
                "to_port": 443
              },
              {
                "cidr_blocks": [
                  "0.0.0.0/0"
                ],
                "description": "",
                "from_port": 80,
                "ipv6_cidr_blocks": [],
                "prefix_list_ids": [],
                "protocol": "tcp",
                "security_groups": [],
                "self": false,
                "to_port": 80
              },
              {
                "cidr_blocks": [
                  "212.161.55.68/32"
                ],
                "description": "",
                "from_port": 22,
                "ipv6_cidr_blocks": [],
                "prefix_list_ids": [],
                "protocol": "tcp",
                "security_groups": [],
                "self": false,
                "to_port": 22
              }
            ],
            "name": "vpc_kirtpub_web",
            "name_prefix": null,
            "owner_id": "135928476890",
            "revoke_rules_on_delete": false,
            "tags": {
              "Name": "kirts-security-group-public"
            },
            "timeouts": null,
            "vpc_id": "vpc-007d6feedf4773b3e"
          },
          "depends_on": [
            "aws_vpc.kirts_vpc"
          ]
        }
      ]
    },
    {
      "mode": "managed",
      "type": "aws_subnet",
      "name": "private-subnet",
      "provider": "provider.aws",
      "instances": [
        {
          "schema_version": 1,
          "attributes": {
            "arn": "arn:aws:ec2:eu-west-1:135928476890:subnet/subnet-03a2eab34722cdb62",
            "assign_ipv6_address_on_creation": false,
            "availability_zone": "eu-west-1b",
            "availability_zone_id": "euw1-az1",
            "cidr_block": "10.120.123.0/24",
            "id": "subnet-03a2eab34722cdb62",
            "ipv6_cidr_block": "",
            "ipv6_cidr_block_association_id": "",
            "map_public_ip_on_launch": false,
            "owner_id": "135928476890",
            "tags": {
              "Name": "kirts-private-subnet"
            },
            "timeouts": null,
            "vpc_id": "vpc-007d6feedf4773b3e"
          },
          "depends_on": [
            "aws_vpc.kirts_vpc"
          ]
        }
      ]
    },
    {
      "mode": "managed",
      "type": "aws_subnet",
      "name": "public-subnet",
      "provider": "provider.aws",
      "instances": [
        {
          "schema_version": 1,
          "attributes": {
            "arn": "arn:aws:ec2:eu-west-1:135928476890:subnet/subnet-07bf5988c71efcdb1",
            "assign_ipv6_address_on_creation": false,
            "availability_zone": "eu-west-1a",
            "availability_zone_id": "euw1-az3",
            "cidr_block": "10.120.122.0/24",
            "id": "subnet-07bf5988c71efcdb1",
            "ipv6_cidr_block": "",
            "ipv6_cidr_block_association_id": "",
            "map_public_ip_on_launch": false,
            "owner_id": "135928476890",
            "tags": {
              "Name": "kirts-public-subnet"
            },
            "timeouts": null,
            "vpc_id": "vpc-007d6feedf4773b3e"
          },
          "depends_on": [
            "aws_vpc.kirts_vpc"
          ]
        }
      ]
    },
    {
      "mode": "managed",
      "type": "aws_vpc",
      "name": "kirts_vpc",
      "provider": "provider.aws",
      "instances": [
        {
          "schema_version": 1,
          "attributes": {
            "arn": "arn:aws:ec2:eu-west-1:135928476890:vpc/vpc-007d6feedf4773b3e",
            "assign_generated_ipv6_cidr_block": false,
            "cidr_block": "10.120.0.0/16",
            "default_network_acl_id": "acl-0e92297298cfb1300",
            "default_route_table_id": "rtb-06c12da443271993b",
            "default_security_group_id": "sg-0f6d4e8a14de7c40d",
            "dhcp_options_id": "dopt-18d5d77d",
            "enable_classiclink": false,
            "enable_classiclink_dns_support": false,
            "enable_dns_hostnames": true,
            "enable_dns_support": true,
            "id": "vpc-007d6feedf4773b3e",
            "instance_tenancy": "default",
            "ipv6_association_id": "",
            "ipv6_cidr_block": "",
            "main_route_table_id": "rtb-06c12da443271993b",
            "owner_id": "135928476890",
            "tags": {
              "Name": "kirts-vpc"
            }
          }
        }
      ]
    }
  ]
}
